
Microsoft Visual Studio Solution File, Format Version 12.00
# Visual Studio 2012
Project("{8BC9CEB8-8B4A-11D0-8D11-00A0C91BC942}") = "TLD", "TLD\TLD.vcxproj", "{FEC8FB73-A6B4-4EE3-BC23-E473A5A8BCA8}"
EndProject
Global
	GlobalSection(SolutionConfigurationPlatforms) = preSolution
		Debug|Win32 = Debug|Win32
		Release|Win32 = Release|Win32
	EndGlobalSection
	GlobalSection(ProjectConfigurationPlatforms) = postSolution
		{FEC8FB73-A6B4-4EE3-BC23-E473A5A8BCA8}.Debug|Win32.ActiveCfg = Debug|Win32
		{FEC8FB73-A6B4-4EE3-BC23-E473A5A8BCA8}.Debug|Win32.Build.0 = Debug|Win32
		{FEC8FB73-A6B4-4EE3-BC23-E473A5A8BCA8}.Release|Win32.ActiveCfg = Release|Win32
		{FEC8FB73-A6B4-4EE3-BC23-E473A5A8BCA8}.Release|Win32.Build.0 = Release|Win32
	EndGlobalSection
	GlobalSection(SolutionProperties) = preSolution
		HideSolutionNode = FALSE
	EndGlobalSection
EndGlobal
